# This file was autogenerated by Stack.
# You should not edit this file by hand.
# For more information, please see the documentation at:
#   https://docs.haskellstack.org/en/stable/lock_files

packages: []
snapshots:
- completed:
    sha256: f33c9130018f0bae8cd65e4f7134807e9cc26bd5b7e6b64e520d3e497f891e0b
    size: 600123
    url: https://raw.githubusercontent.com/commercialhaskell/stackage-snapshots/master/nightly/2023/3/29.yaml
  original: nightly-2023-03-29
